{
  "name": "inizia-website",
  "lockfileVersion": 2,
  "requires": true,
  "packages": {
    "": {
      "dependencies": {
        "jquery": "^3.7.1",
        "ngx-owl-carousel-o": "^18.0.0",
        "owl.carousel": "^2.3.4"
      },
      "devDependencies": {
        "@types/jquery": "^3.5.30"
      }
    },
    "node_modules/@angular/common": {
      "version": "18.0.6",
      "resolved": "https://registry.npmjs.org/@angular/common/-/common-18.0.6.tgz",
      "integrity": "sha512-ARwNte/POelohW6DaNJQ56rZbEJMCvGSdhvaJNpJ0UlFxvKmK+6QmAcgLb5WwNoCqQcjtjUKavekhfNlpg5NBg==",
      "peer": true,
      "dependencies": {
        "tslib": "^2.3.0"
      },
      "engines": {
        "node": "^18.19.1 || ^20.11.1 || >=22.0.0"
      },
      "peerDependencies": {
        "@angular/core": "18.0.6",
        "rxjs": "^6.5.3 || ^7.4.0"
      }
    },
    "node_modules/@angular/core": {
      "version": "18.0.6",
      "resolved": "https://registry.npmjs.org/@angular/core/-/core-18.0.6.tgz",
      "integrity": "sha512-a5ucQqCNI/6MzJl+r+NGvPqR/z44aVB1WttmZ/AbKIh2VIkEFp9VqOg+0HQnEItoMI8BnRbrsYHGp+D5Mtw8Jg==",
      "peer": true,
      "dependencies": {
        "tslib": "^2.3.0"
      },
      "engines": {
        "node": "^18.19.1 || ^20.11.1 || >=22.0.0"
      },
      "peerDependencies": {
        "rxjs": "^6.5.3 || ^7.4.0",
        "zone.js": "~0.14.0"
      }
    },
    "node_modules/@types/jquery": {
      "version": "3.5.30",
      "resolved": "https://registry.npmjs.org/@types/jquery/-/jquery-3.5.30.tgz",
      "integrity": "sha512-nbWKkkyb919DOUxjmRVk8vwtDb0/k8FKncmUKFi+NY+QXqWltooxTrswvz4LspQwxvLdvzBN1TImr6cw3aQx2A==",
      "dev": true,
      "dependencies": {
        "@types/sizzle": "*"
      }
    },
    "node_modules/@types/sizzle": {
      "version": "2.3.8",
      "resolved": "https://registry.npmjs.org/@types/sizzle/-/sizzle-2.3.8.tgz",
      "integrity": "sha512-0vWLNK2D5MT9dg0iOo8GlKguPAU02QjmZitPEsXRuJXU/OGIOt9vT9Fc26wtYuavLxtO45v9PGleoL9Z0k1LHg==",
      "dev": true
    },
    "node_modules/jquery": {
      "version": "3.7.1",
      "resolved": "https://registry.npmjs.org/jquery/-/jquery-3.7.1.tgz",
      "integrity": "sha512-m4avr8yL8kmFN8psrbFFFmB/If14iN5o9nw/NgnnM+kybDJpRsAynV2BsfpTYrTRysYUdADVD7CkUUizgkpLfg=="
    },
    "node_modules/ngx-owl-carousel-o": {
      "version": "18.0.0",
      "resolved": "https://registry.npmjs.org/ngx-owl-carousel-o/-/ngx-owl-carousel-o-18.0.0.tgz",
      "integrity": "sha512-3ukc6mDGseUXvYrpfV+Hm2O6cBOgV0p1bT51fykQQxAMZptbnzIQJ+U6ADbeds4tkZiwAHLK2a3qItlHz5YVOg==",
      "dependencies": {
        "tslib": "^2.3.0"
      },
      "peerDependencies": {
        "@angular/common": " ^18.0.0-rc.0 || ^18.0.0",
        "@angular/core": "^18.0.0-rc.0 || ^18.0.0",
        "rxjs": "^6.0.1 || ^7.0.0"
      }
    },
    "node_modules/owl.carousel": {
      "version": "2.3.4",
      "resolved": "https://registry.npmjs.org/owl.carousel/-/owl.carousel-2.3.4.tgz",
      "integrity": "sha512-JaDss9+feAvEW8KZppPSpllfposEzQiW+Ytt/Xm5t/3CTJ7YVmkh6RkWixoA2yXk2boIwedYxOvrrppIGzru9A==",
      "dependencies": {
        "jquery": ">=1.8.3"
      }
    },
    "node_modules/rxjs": {
      "version": "7.8.1",
      "resolved": "https://registry.npmjs.org/rxjs/-/rxjs-7.8.1.tgz",
      "integrity": "sha512-AA3TVj+0A2iuIoQkWEK/tqFjBq2j+6PO6Y0zJcvzLAFhEFIO3HL0vls9hWLncZbAAbK0mar7oZ4V079I/qPMxg==",
      "peer": true,
      "dependencies": {
        "tslib": "^2.1.0"
      }
    },
    "node_modules/tslib": {
      "version": "2.6.3",
      "resolved": "https://registry.npmjs.org/tslib/-/tslib-2.6.3.tgz",
      "integrity": "sha512-xNvxJEOUiWPGhUuUdQgAJPKOOJfGnIyKySOc09XkKsgdUV/3E2zvwZYdejjmRgPCgcym1juLH3226yA7sEFJKQ=="
    },
    "node_modules/zone.js": {
      "version": "0.14.7",
      "resolved": "https://registry.npmjs.org/zone.js/-/zone.js-0.14.7.tgz",
      "integrity": "sha512-0w6DGkX2BPuiK/NLf+4A8FLE43QwBfuqz2dVgi/40Rj1WmqUskCqj329O/pwrqFJLG5X8wkeG2RhIAro441xtg==",
      "peer": true
    }
  },
  "dependencies": {
    "@angular/common": {
      "version": "18.0.6",
      "resolved": "https://registry.npmjs.org/@angular/common/-/common-18.0.6.tgz",
      "integrity": "sha512-ARwNte/POelohW6DaNJQ56rZbEJMCvGSdhvaJNpJ0UlFxvKmK+6QmAcgLb5WwNoCqQcjtjUKavekhfNlpg5NBg==",
      "peer": true,
      "requires": {
        "tslib": "^2.3.0"
      }
    },
    "@angular/core": {
      "version": "18.0.6",
      "resolved": "https://registry.npmjs.org/@angular/core/-/core-18.0.6.tgz",
      "integrity": "sha512-a5ucQqCNI/6MzJl+r+NGvPqR/z44aVB1WttmZ/AbKIh2VIkEFp9VqOg+0HQnEItoMI8BnRbrsYHGp+D5Mtw8Jg==",
      "peer": true,
      "requires": {
        "tslib": "^2.3.0"
      }
    },
    "@types/jquery": {
      "version": "3.5.30",
      "resolved": "https://registry.npmjs.org/@types/jquery/-/jquery-3.5.30.tgz",
      "integrity": "sha512-nbWKkkyb919DOUxjmRVk8vwtDb0/k8FKncmUKFi+NY+QXqWltooxTrswvz4LspQwxvLdvzBN1TImr6cw3aQx2A==",
      "dev": true,
      "requires": {
        "@types/sizzle": "*"
      }
    },
    "@types/sizzle": {
      "version": "2.3.8",
      "resolved": "https://registry.npmjs.org/@types/sizzle/-/sizzle-2.3.8.tgz",
      "integrity": "sha512-0vWLNK2D5MT9dg0iOo8GlKguPAU02QjmZitPEsXRuJXU/OGIOt9vT9Fc26wtYuavLxtO45v9PGleoL9Z0k1LHg==",
      "dev": true
    },
    "jquery": {
      "version": "3.7.1",
      "resolved": "https://registry.npmjs.org/jquery/-/jquery-3.7.1.tgz",
      "integrity": "sha512-m4avr8yL8kmFN8psrbFFFmB/If14iN5o9nw/NgnnM+kybDJpRsAynV2BsfpTYrTRysYUdADVD7CkUUizgkpLfg=="
    },
    "ngx-owl-carousel-o": {
      "version": "18.0.0",
      "resolved": "https://registry.npmjs.org/ngx-owl-carousel-o/-/ngx-owl-carousel-o-18.0.0.tgz",
      "integrity": "sha512-3ukc6mDGseUXvYrpfV+Hm2O6cBOgV0p1bT51fykQQxAMZptbnzIQJ+U6ADbeds4tkZiwAHLK2a3qItlHz5YVOg==",
      "requires": {
        "tslib": "^2.3.0"
      }
    },
    "owl.carousel": {
      "version": "2.3.4",
      "resolved": "https://registry.npmjs.org/owl.carousel/-/owl.carousel-2.3.4.tgz",
      "integrity": "sha512-JaDss9+feAvEW8KZppPSpllfposEzQiW+Ytt/Xm5t/3CTJ7YVmkh6RkWixoA2yXk2boIwedYxOvrrppIGzru9A==",
      "requires": {
        "jquery": ">=1.8.3"
      }
    },
    "rxjs": {
      "version": "7.8.1",
      "resolved": "https://registry.npmjs.org/rxjs/-/rxjs-7.8.1.tgz",
      "integrity": "sha512-AA3TVj+0A2iuIoQkWEK/tqFjBq2j+6PO6Y0zJcvzLAFhEFIO3HL0vls9hWLncZbAAbK0mar7oZ4V079I/qPMxg==",
      "peer": true,
      "requires": {
        "tslib": "^2.1.0"
      }
    },
    "tslib": {
      "version": "2.6.3",
      "resolved": "https://registry.npmjs.org/tslib/-/tslib-2.6.3.tgz",
      "integrity": "sha512-xNvxJEOUiWPGhUuUdQgAJPKOOJfGnIyKySOc09XkKsgdUV/3E2zvwZYdejjmRgPCgcym1juLH3226yA7sEFJKQ=="
    },
    "zone.js": {
      "version": "0.14.7",
      "resolved": "https://registry.npmjs.org/zone.js/-/zone.js-0.14.7.tgz",
      "integrity": "sha512-0w6DGkX2BPuiK/NLf+4A8FLE43QwBfuqz2dVgi/40Rj1WmqUskCqj329O/pwrqFJLG5X8wkeG2RhIAro441xtg==",
      "peer": true
    }
  }
}
